// !$*UTF8*$!
{
	archiveVersion = 1;
	classes = {
	};
	objectVersion = 56;
	objects = {

/* Begin PBXBuildFile section */
		871476F72C0E123C00FFB317 /* ComputeMonolithicPipelineRenderer.swift in Sources */ = {isa = PBXBuildFile; fileRef = 871476F62C0E123C00FFB317 /* ComputeMonolithicPipelineRenderer.swift */; };
		8724F5D62BF4C04700890EAF /* App.swift in Sources */ = {isa = PBXBuildFile; fileRef = 8724F5D52BF4C04700890EAF /* App.swift */; };
		8724F5DA2BF4C04800890EAF /* Assets.xcassets in Resources */ = {isa = PBXBuildFile; fileRef = 8724F5D92BF4C04800890EAF /* Assets.xcassets */; };
		8724F5E52BF4C06400890EAF /* RenderPipelineRenderer.swift in Sources */ = {isa = PBXBuildFile; fileRef = 8724F5E42BF4C06400890EAF /* RenderPipelineRenderer.swift */; };
		8724F5E72BF4C7CD00890EAF /* Shaders.metal in Sources */ = {isa = PBXBuildFile; fileRef = 8724F5E62BF4C7CD00890EAF /* Shaders.metal */; };
		872E206C2C0FB869004F529B /* ContentView.swift in Sources */ = {isa = PBXBuildFile; fileRef = 872E206B2C0FB869004F529B /* ContentView.swift */; };
		8749742E2C00EC0100EFD546 /* CoreImagePipelineRenderer.swift in Sources */ = {isa = PBXBuildFile; fileRef = 8749742D2C00EC0100EFD546 /* CoreImagePipelineRenderer.swift */; };
		8758DC812C09E1F100F53F21 /* RenderPipelineWithTileMemoryRenderer.swift in Sources */ = {isa = PBXBuildFile; fileRef = 8758DC802C09E1F100F53F21 /* RenderPipelineWithTileMemoryRenderer.swift */; };
		879B8AEF2BFBA8E800D06497 /* SwiftImage in Frameworks */ = {isa = PBXBuildFile; productRef = 879B8AEE2BFBA8E800D06497 /* SwiftImage */; };
		879B8AF12BFE3CAA00D06497 /* RenderPipelineFusedEncoderRenderer.swift in Sources */ = {isa = PBXBuildFile; fileRef = 879B8AF02BFE3CAA00D06497 /* RenderPipelineFusedEncoderRenderer.swift */; };
		87AC36F62BF7B5D9007A65E6 /* ComputePipelineRenderer.swift in Sources */ = {isa = PBXBuildFile; fileRef = 87AC36F52BF7B5D9007A65E6 /* ComputePipelineRenderer.swift */; };
		87AC36FA2BFB6681007A65E6 /* MetalView.swift in Sources */ = {isa = PBXBuildFile; fileRef = 87AC36F92BFB6681007A65E6 /* MetalView.swift */; };
		87AC36FC2BFB7773007A65E6 /* MetalHelper.swift in Sources */ = {isa = PBXBuildFile; fileRef = 87AC36FB2BFB7773007A65E6 /* MetalHelper.swift */; };
		87B8BDEC2C0392D600A84398 /* Shaders.ci.metal in Sources */ = {isa = PBXBuildFile; fileRef = 87B8BDEB2C0392D600A84398 /* Shaders.ci.metal */; };
		87B92CBA2C0A08BD00DB0997 /* ComputeTiledPipelineRenderer.swift in Sources */ = {isa = PBXBuildFile; fileRef = 87B92CB92C0A08BD00DB0997 /* ComputeTiledPipelineRenderer.swift */; };
		87FD6E402C10707B0077E7E7 /* GPUImage3PipelineRenderer.swift in Sources */ = {isa = PBXBuildFile; fileRef = 87FD6E3F2C10707B0077E7E7 /* GPUImage3PipelineRenderer.swift */; };
		87FD6E452C107A910077E7E7 /* MetalPetal in Frameworks */ = {isa = PBXBuildFile; productRef = 87FD6E442C107A910077E7E7 /* MetalPetal */; };
		87FD6E472C107AA50077E7E7 /* MetalPetalPipelineRenderer.swift in Sources */ = {isa = PBXBuildFile; fileRef = 87FD6E462C107AA50077E7E7 /* MetalPetalPipelineRenderer.swift */; };
		87FD6E492C10BC500077E7E7 /* BBMetalImagePipelineRenderer.swift in Sources */ = {isa = PBXBuildFile; fileRef = 87FD6E482C10BC500077E7E7 /* BBMetalImagePipelineRenderer.swift */; };
/* End PBXBuildFile section */

/* Begin PBXBuildRule section */
		87B8BDED2C03930800A84398 /* PBXBuildRule */ = {
			isa = PBXBuildRule;
			compilerSpec = com.apple.compilers.proxy.script;
			filePatterns = "*.ci.metal";
			fileType = pattern.proxy;
			inputFiles = (
			);
			isEditable = 1;
			outputFiles = (
				"$(DERIVED_FILE_DIR)/$(INPUT_FILE_BASE).air",
			);
			runOncePerArchitecture = 0;
			script = "xcrun metal -c -fcikernel \"${INPUT_FILE_PATH}\" -o \"${SCRIPT_OUTPUT_FILE_0}\"\n";
		};
		87B8BDEE2C0393CD00A84398 /* PBXBuildRule */ = {
			isa = PBXBuildRule;
			compilerSpec = com.apple.compilers.proxy.script;
			filePatterns = "*.ci.air";
			fileType = pattern.proxy;
			inputFiles = (
			);
			isEditable = 1;
			outputFiles = (
				"$(METAL_LIBRARY_OUTPUT_DIR)/$(INPUT_FILE_BASE).metallib",
			);
			runOncePerArchitecture = 0;
			script = "xcrun metallib -cikernel \"${INPUT_FILE_PATH}\" -o \"${SCRIPT_OUTPUT_FILE_0}\"\n";
		};
/* End PBXBuildRule section */

/* Begin PBXFileReference section */
		871476F62C0E123C00FFB317 /* ComputeMonolithicPipelineRenderer.swift */ = {isa = PBXFileReference; lastKnownFileType = sourcecode.swift; path = ComputeMonolithicPipelineRenderer.swift; sourceTree = "<group>"; };
		8724F5D22BF4C04700890EAF /* Metal Blend Pipelines.app */ = {isa = PBXFileReference; explicitFileType = wrapper.application; includeInIndex = 0; path = "Metal Blend Pipelines.app"; sourceTree = BUILT_PRODUCTS_DIR; };
		8724F5D52BF4C04700890EAF /* App.swift */ = {isa = PBXFileReference; lastKnownFileType = sourcecode.swift; path = App.swift; sourceTree = "<group>"; };
		8724F5D92BF4C04800890EAF /* Assets.xcassets */ = {isa = PBXFileReference; lastKnownFileType = folder.assetcatalog; path = Assets.xcassets; sourceTree = "<group>"; };
		8724F5DE2BF4C04800890EAF /* Metal Blend Pipelines.entitlements */ = {isa = PBXFileReference; lastKnownFileType = text.plist.entitlements; path = "Metal Blend Pipelines.entitlements"; sourceTree = "<group>"; };
		8724F5E42BF4C06400890EAF /* RenderPipelineRenderer.swift */ = {isa = PBXFileReference; lastKnownFileType = sourcecode.swift; path = RenderPipelineRenderer.swift; sourceTree = "<group>"; };
		8724F5E62BF4C7CD00890EAF /* Shaders.metal */ = {isa = PBXFileReference; lastKnownFileType = sourcecode.metal; path = Shaders.metal; sourceTree = "<group>"; };
		8724F83F2BF4F31400890EAF /* Shared.hpp */ = {isa = PBXFileReference; lastKnownFileType = sourcecode.cpp.h; path = Shared.hpp; sourceTree = "<group>"; };
		8724F8402BF4F45700890EAF /* Bridge.hpp */ = {isa = PBXFileReference; lastKnownFileType = sourcecode.cpp.h; path = Bridge.hpp; sourceTree = "<group>"; };
		872E206B2C0FB869004F529B /* ContentView.swift */ = {isa = PBXFileReference; lastKnownFileType = sourcecode.swift; path = ContentView.swift; sourceTree = "<group>"; };
		8749742D2C00EC0100EFD546 /* CoreImagePipelineRenderer.swift */ = {isa = PBXFileReference; lastKnownFileType = sourcecode.swift; path = CoreImagePipelineRenderer.swift; sourceTree = "<group>"; };
		8758DC802C09E1F100F53F21 /* RenderPipelineWithTileMemoryRenderer.swift */ = {isa = PBXFileReference; lastKnownFileType = sourcecode.swift; path = RenderPipelineWithTileMemoryRenderer.swift; sourceTree = "<group>"; };
		879B8AF02BFE3CAA00D06497 /* RenderPipelineFusedEncoderRenderer.swift */ = {isa = PBXFileReference; lastKnownFileType = sourcecode.swift; path = RenderPipelineFusedEncoderRenderer.swift; sourceTree = "<group>"; };
		87AC36F52BF7B5D9007A65E6 /* ComputePipelineRenderer.swift */ = {isa = PBXFileReference; fileEncoding = 4; lastKnownFileType = sourcecode.swift; path = ComputePipelineRenderer.swift; sourceTree = "<group>"; };
		87AC36F92BFB6681007A65E6 /* MetalView.swift */ = {isa = PBXFileReference; lastKnownFileType = sourcecode.swift; path = MetalView.swift; sourceTree = "<group>"; };
		87AC36FB2BFB7773007A65E6 /* MetalHelper.swift */ = {isa = PBXFileReference; lastKnownFileType = sourcecode.swift; path = MetalHelper.swift; sourceTree = "<group>"; };
		87B8BDEB2C0392D600A84398 /* Shaders.ci.metal */ = {isa = PBXFileReference; lastKnownFileType = sourcecode.metal; path = Shaders.ci.metal; sourceTree = "<group>"; };
		87B92CB92C0A08BD00DB0997 /* ComputeTiledPipelineRenderer.swift */ = {isa = PBXFileReference; lastKnownFileType = sourcecode.swift; path = ComputeTiledPipelineRenderer.swift; sourceTree = "<group>"; };
		87FD6E3F2C10707B0077E7E7 /* GPUImage3PipelineRenderer.swift */ = {isa = PBXFileReference; lastKnownFileType = sourcecode.swift; path = GPUImage3PipelineRenderer.swift; sourceTree = "<group>"; };
		87FD6E462C107AA50077E7E7 /* MetalPetalPipelineRenderer.swift */ = {isa = PBXFileReference; lastKnownFileType = sourcecode.swift; path = MetalPetalPipelineRenderer.swift; sourceTree = "<group>"; };
		87FD6E482C10BC500077E7E7 /* BBMetalImagePipelineRenderer.swift */ = {isa = PBXFileReference; lastKnownFileType = sourcecode.swift; path = BBMetalImagePipelineRenderer.swift; sourceTree = "<group>"; };
		87FD6E4A2C10BD990077E7E7 /* README.md */ = {isa = PBXFileReference; lastKnownFileType = net.daringfireball.markdown; path = README.md; sourceTree = "<group>"; };
/* End PBXFileReference section */

/* Begin PBXFrameworksBuildPhase section */
		8724F5CF2BF4C04700890EAF /* Frameworks */ = {
			isa = PBXFrameworksBuildPhase;
			buildActionMask = 2147483647;
			files = (
				879B8AEF2BFBA8E800D06497 /* SwiftImage in Frameworks */,
				87FD6E452C107A910077E7E7 /* MetalPetal in Frameworks */,
			);
			runOnlyForDeploymentPostprocessing = 0;
		};
/* End PBXFrameworksBuildPhase section */

/* Begin PBXGroup section */
		8724F5C92BF4C04700890EAF = {
			isa = PBXGroup;
			children = (
				87FD6E4A2C10BD990077E7E7 /* README.md */,
				8724F5D42BF4C04700890EAF /* Metal Blend Pipelines */,
				8724F5D32BF4C04700890EAF /* Products */,
			);
			sourceTree = "<group>";
		};
		8724F5D32BF4C04700890EAF /* Products */ = {
			isa = PBXGroup;
			children = (
				8724F5D22BF4C04700890EAF /* Metal Blend Pipelines.app */,
			);
			name = Products;
			sourceTree = "<group>";
		};
		8724F5D42BF4C04700890EAF /* Metal Blend Pipelines */ = {
			isa = PBXGroup;
			children = (
				8724F5D52BF4C04700890EAF /* App.swift */,
				872E206B2C0FB869004F529B /* ContentView.swift */,
				87AC36F92BFB6681007A65E6 /* MetalView.swift */,
				87AC36FB2BFB7773007A65E6 /* MetalHelper.swift */,
				8724F5E42BF4C06400890EAF /* RenderPipelineRenderer.swift */,
				879B8AF02BFE3CAA00D06497 /* RenderPipelineFusedEncoderRenderer.swift */,
				8758DC802C09E1F100F53F21 /* RenderPipelineWithTileMemoryRenderer.swift */,
				87AC36F52BF7B5D9007A65E6 /* ComputePipelineRenderer.swift */,
				87B92CB92C0A08BD00DB0997 /* ComputeTiledPipelineRenderer.swift */,
				871476F62C0E123C00FFB317 /* ComputeMonolithicPipelineRenderer.swift */,
				8749742D2C00EC0100EFD546 /* CoreImagePipelineRenderer.swift */,
				87FD6E3F2C10707B0077E7E7 /* GPUImage3PipelineRenderer.swift */,
				87FD6E462C107AA50077E7E7 /* MetalPetalPipelineRenderer.swift */,
				87FD6E482C10BC500077E7E7 /* BBMetalImagePipelineRenderer.swift */,
				8724F5E62BF4C7CD00890EAF /* Shaders.metal */,
				87B8BDEB2C0392D600A84398 /* Shaders.ci.metal */,
				8724F8402BF4F45700890EAF /* Bridge.hpp */,
				8724F83F2BF4F31400890EAF /* Shared.hpp */,
				8724F5D92BF4C04800890EAF /* Assets.xcassets */,
				8724F5DE2BF4C04800890EAF /* Metal Blend Pipelines.entitlements */,
			);
			path = "Metal Blend Pipelines";
			sourceTree = "<group>";
		};
/* End PBXGroup section */

/* Begin PBXNativeTarget section */
		8724F5D12BF4C04700890EAF /* Metal Blend Pipelines */ = {
			isa = PBXNativeTarget;
			buildConfigurationList = 8724F5E12BF4C04800890EAF /* Build configuration list for PBXNativeTarget "Metal Blend Pipelines" */;
			buildPhases = (
				8724F5CE2BF4C04700890EAF /* Sources */,
				8724F5CF2BF4C04700890EAF /* Frameworks */,
				8724F5D02BF4C04700890EAF /* Resources */,
			);
			buildRules = (
				87B8BDEE2C0393CD00A84398 /* PBXBuildRule */,
				87B8BDED2C03930800A84398 /* PBXBuildRule */,
			);
			dependencies = (
			);
			name = "Metal Blend Pipelines";
			packageProductDependencies = (
				879B8AEE2BFBA8E800D06497 /* SwiftImage */,
				87FD6E442C107A910077E7E7 /* MetalPetal */,
			);
			productName = "Metal Blend Pipelines";
			productReference = 8724F5D22BF4C04700890EAF /* Metal Blend Pipelines.app */;
			productType = "com.apple.product-type.application";
		};
/* End PBXNativeTarget section */

/* Begin PBXProject section */
		8724F5CA2BF4C04700890EAF /* Project object */ = {
			isa = PBXProject;
			attributes = {
				BuildIndependentTargetsInParallel = 1;
				LastSwiftUpdateCheck = 1540;
				LastUpgradeCheck = 1540;
				TargetAttributes = {
					8724F5D12BF4C04700890EAF = {
						CreatedOnToolsVersion = 15.4;
					};
				};
			};
			buildConfigurationList = 8724F5CD2BF4C04700890EAF /* Build configuration list for PBXProject "Metal Blend Pipelines" */;
			compatibilityVersion = "Xcode 14.0";
			developmentRegion = en;
			hasScannedForEncodings = 0;
			knownRegions = (
				en,
				Base,
			);
			mainGroup = 8724F5C92BF4C04700890EAF;
			packageReferences = (
				879B8AED2BFBA8E800D06497 /* XCRemoteSwiftPackageReference "swift-image" */,
				87FD6E432C107A910077E7E7 /* XCRemoteSwiftPackageReference "MetalPetal" */,
			);
			productRefGroup = 8724F5D32BF4C04700890EAF /* Products */;
			projectDirPath = "";
			projectRoot = "";
			targets = (
				8724F5D12BF4C04700890EAF /* Metal Blend Pipelines */,
			);
		};
/* End PBXProject section */

/* Begin PBXResourcesBuildPhase section */
		8724F5D02BF4C04700890EAF /* Resources */ = {
			isa = PBXResourcesBuildPhase;
			buildActionMask = 2147483647;
			files = (
				8724F5DA2BF4C04800890EAF /* Assets.xcassets in Resources */,
			);
			runOnlyForDeploymentPostprocessing = 0;
		};
/* End PBXResourcesBuildPhase section */

/* Begin PBXSourcesBuildPhase section */
		8724F5CE2BF4C04700890EAF /* Sources */ = {
			isa = PBXSourcesBuildPhase;
			buildActionMask = 2147483647;
			files = (
				8724F5E52BF4C06400890EAF /* RenderPipelineRenderer.swift in Sources */,
				87B8BDEC2C0392D600A84398 /* Shaders.ci.metal in Sources */,
				871476F72C0E123C00FFB317 /* ComputeMonolithicPipelineRenderer.swift in Sources */,
				87AC36FA2BFB6681007A65E6 /* MetalView.swift in Sources */,
				8749742E2C00EC0100EFD546 /* CoreImagePipelineRenderer.swift in Sources */,
				87AC36FC2BFB7773007A65E6 /* MetalHelper.swift in Sources */,
				8724F5E72BF4C7CD00890EAF /* Shaders.metal in Sources */,
				879B8AF12BFE3CAA00D06497 /* RenderPipelineFusedEncoderRenderer.swift in Sources */,
				8758DC812C09E1F100F53F21 /* RenderPipelineWithTileMemoryRenderer.swift in Sources */,
				87FD6E492C10BC500077E7E7 /* BBMetalImagePipelineRenderer.swift in Sources */,
				87B92CBA2C0A08BD00DB0997 /* ComputeTiledPipelineRenderer.swift in Sources */,
				872E206C2C0FB869004F529B /* ContentView.swift in Sources */,
				87AC36F62BF7B5D9007A65E6 /* ComputePipelineRenderer.swift in Sources */,
				87FD6E472C107AA50077E7E7 /* MetalPetalPipelineRenderer.swift in Sources */,
				8724F5D62BF4C04700890EAF /* App.swift in Sources */,
				87FD6E402C10707B0077E7E7 /* GPUImage3PipelineRenderer.swift in Sources */,
			);
			runOnlyForDeploymentPostprocessing = 0;
		};
/* End PBXSourcesBuildPhase section */

/* Begin XCBuildConfiguration section */
		8724F5DF2BF4C04800890EAF /* Debug */ = {
			isa = XCBuildConfiguration;
			buildSettings = {
				ALWAYS_SEARCH_USER_PATHS = NO;
				ASSETCATALOG_COMPILER_GENERATE_SWIFT_ASSET_SYMBOL_EXTENSIONS = YES;
				CLANG_ANALYZER_NONNULL = YES;
				CLANG_ANALYZER_NUMBER_OBJECT_CONVERSION = YES_AGGRESSIVE;
				CLANG_CXX_LANGUAGE_STANDARD = "gnu++20";
				CLANG_ENABLE_MODULES = YES;
				CLANG_ENABLE_OBJC_ARC = YES;
				CLANG_ENABLE_OBJC_WEAK = YES;
				CLANG_WARN_BLOCK_CAPTURE_AUTORELEASING = YES;
				CLANG_WARN_BOOL_CONVERSION = YES;
				CLANG_WARN_COMMA = YES;
				CLANG_WARN_CONSTANT_CONVERSION = YES;
				CLANG_WARN_DEPRECATED_OBJC_IMPLEMENTATIONS = YES;
				CLANG_WARN_DIRECT_OBJC_ISA_USAGE = YES_ERROR;
				CLANG_WARN_DOCUMENTATION_COMMENTS = YES;
				CLANG_WARN_EMPTY_BODY = YES;
				CLANG_WARN_ENUM_CONVERSION = YES;
				CLANG_WARN_INFINITE_RECURSION = YES;
				CLANG_WARN_INT_CONVERSION = YES;
				CLANG_WARN_NON_LITERAL_NULL_CONVERSION = YES;
				CLANG_WARN_OBJC_IMPLICIT_RETAIN_SELF = YES;
				CLANG_WARN_OBJC_LITERAL_CONVERSION = YES;
				CLANG_WARN_OBJC_ROOT_CLASS = YES_ERROR;
				CLANG_WARN_QUOTED_INCLUDE_IN_FRAMEWORK_HEADER = YES;
				CLANG_WARN_RANGE_LOOP_ANALYSIS = YES;
				CLANG_WARN_STRICT_PROTOTYPES = YES;
				CLANG_WARN_SUSPICIOUS_MOVE = YES;
				CLANG_WARN_UNGUARDED_AVAILABILITY = YES_AGGRESSIVE;
				CLANG_WARN_UNREACHABLE_CODE = YES;
				CLANG_WARN__DUPLICATE_METHOD_MATCH = YES;
				COPY_PHASE_STRIP = NO;
				DEBUG_INFORMATION_FORMAT = dwarf;
				ENABLE_STRICT_OBJC_MSGSEND = YES;
				ENABLE_TESTABILITY = YES;
				ENABLE_USER_SCRIPT_SANDBOXING = YES;
				GCC_C_LANGUAGE_STANDARD = gnu17;
				GCC_DYNAMIC_NO_PIC = NO;
				GCC_NO_COMMON_BLOCKS = YES;
				GCC_OPTIMIZATION_LEVEL = 0;
				GCC_PREPROCESSOR_DEFINITIONS = (
					"DEBUG=1",
					"$(inherited)",
				);
				GCC_WARN_64_TO_32_BIT_CONVERSION = YES;
				GCC_WARN_ABOUT_RETURN_TYPE = YES_ERROR;
				GCC_WARN_UNDECLARED_SELECTOR = YES;
				GCC_WARN_UNINITIALIZED_AUTOS = YES_AGGRESSIVE;
				GCC_WARN_UNUSED_FUNCTION = YES;
				GCC_WARN_UNUSED_VARIABLE = YES;
				LOCALIZATION_PREFERS_STRING_CATALOGS = YES;
				MACOSX_DEPLOYMENT_TARGET = 14.4;
				MTL_ENABLE_DEBUG_INFO = INCLUDE_SOURCE;
				MTL_FAST_MATH = YES;
				ONLY_ACTIVE_ARCH = YES;
				SDKROOT = macosx;
				SWIFT_ACTIVE_COMPILATION_CONDITIONS = "DEBUG $(inherited)";
				SWIFT_OPTIMIZATION_LEVEL = "-Onone";
			};
			name = Debug;
		};
		8724F5E02BF4C04800890EAF /* Release */ = {
			isa = XCBuildConfiguration;
			buildSettings = {
				ALWAYS_SEARCH_USER_PATHS = NO;
				ASSETCATALOG_COMPILER_GENERATE_SWIFT_ASSET_SYMBOL_EXTENSIONS = YES;
				CLANG_ANALYZER_NONNULL = YES;
				CLANG_ANALYZER_NUMBER_OBJECT_CONVERSION = YES_AGGRESSIVE;
				CLANG_CXX_LANGUAGE_STANDARD = "gnu++20";
				CLANG_ENABLE_MODULES = YES;
				CLANG_ENABLE_OBJC_ARC = YES;
				CLANG_ENABLE_OBJC_WEAK = YES;
				CLANG_WARN_BLOCK_CAPTURE_AUTORELEASING = YES;
				CLANG_WARN_BOOL_CONVERSION = YES;
				CLANG_WARN_COMMA = YES;
				CLANG_WARN_CONSTANT_CONVERSION = YES;
				CLANG_WARN_DEPRECATED_OBJC_IMPLEMENTATIONS = YES;
				CLANG_WARN_DIRECT_OBJC_ISA_USAGE = YES_ERROR;
				CLANG_WARN_DOCUMENTATION_COMMENTS = YES;
				CLANG_WARN_EMPTY_BODY = YES;
				CLANG_WARN_ENUM_CONVERSION = YES;
				CLANG_WARN_INFINITE_RECURSION = YES;
				CLANG_WARN_INT_CONVERSION = YES;
				CLANG_WARN_NON_LITERAL_NULL_CONVERSION = YES;
				CLANG_WARN_OBJC_IMPLICIT_RETAIN_SELF = YES;
				CLANG_WARN_OBJC_LITERAL_CONVERSION = YES;
				CLANG_WARN_OBJC_ROOT_CLASS = YES_ERROR;
				CLANG_WARN_QUOTED_INCLUDE_IN_FRAMEWORK_HEADER = YES;
				CLANG_WARN_RANGE_LOOP_ANALYSIS = YES;
				CLANG_WARN_STRICT_PROTOTYPES = YES;
				CLANG_WARN_SUSPICIOUS_MOVE = YES;
				CLANG_WARN_UNGUARDED_AVAILABILITY = YES_AGGRESSIVE;
				CLANG_WARN_UNREACHABLE_CODE = YES;
				CLANG_WARN__DUPLICATE_METHOD_MATCH = YES;
				COPY_PHASE_STRIP = NO;
				DEBUG_INFORMATION_FORMAT = "dwarf-with-dsym";
				ENABLE_NS_ASSERTIONS = NO;
				ENABLE_STRICT_OBJC_MSGSEND = YES;
				ENABLE_USER_SCRIPT_SANDBOXING = YES;
				GCC_C_LANGUAGE_STANDARD = gnu17;
				GCC_NO_COMMON_BLOCKS = YES;
				GCC_WARN_64_TO_32_BIT_CONVERSION = YES;
				GCC_WARN_ABOUT_RETURN_TYPE = YES_ERROR;
				GCC_WARN_UNDECLARED_SELECTOR = YES;
				GCC_WARN_UNINITIALIZED_AUTOS = YES_AGGRESSIVE;
				GCC_WARN_UNUSED_FUNCTION = YES;
				GCC_WARN_UNUSED_VARIABLE = YES;
				LOCALIZATION_PREFERS_STRING_CATALOGS = YES;
				MACOSX_DEPLOYMENT_TARGET = 14.4;
				MTL_ENABLE_DEBUG_INFO = NO;
				MTL_FAST_MATH = YES;
				SDKROOT = macosx;
				SWIFT_COMPILATION_MODE = wholemodule;
			};
			name = Release;
		};
		8724F5E22BF4C04800890EAF /* Debug */ = {
			isa = XCBuildConfiguration;
			buildSettings = {
				ASSETCATALOG_COMPILER_APPICON_NAME = AppIcon;
				ASSETCATALOG_COMPILER_GLOBAL_ACCENT_COLOR_NAME = AccentColor;
				CODE_SIGN_ENTITLEMENTS = "Metal Blend Pipelines/Metal Blend Pipelines.entitlements";
				CODE_SIGN_IDENTITY = "Apple Development";
				"CODE_SIGN_IDENTITY[sdk=macosx*]" = "-";
				CODE_SIGN_STYLE = Automatic;
				COMBINE_HIDPI_IMAGES = YES;
				CURRENT_PROJECT_VERSION = 1;
				DEVELOPMENT_ASSET_PATHS = "";
				DEVELOPMENT_TEAM = 3BF75NMSEQ;
				ENABLE_HARDENED_RUNTIME = YES;
				ENABLE_PREVIEWS = YES;
				GENERATE_INFOPLIST_FILE = YES;
				INFOPLIST_KEY_NSHumanReadableCopyright = "";
				IPHONEOS_DEPLOYMENT_TARGET = 17.0;
				LD_RUNPATH_SEARCH_PATHS = (
					"$(inherited)",
					"@executable_path/../Frameworks",
				);
				MARKETING_VERSION = 1.0;
				MTL_HEADER_SEARCH_PATHS = "$(HEADER_SEARCH_PATHS)";
				PRODUCT_BUNDLE_IDENTIFIER = "ceylo.metal-blend-pipelines";
				PRODUCT_NAME = "$(TARGET_NAME)";
				PROVISIONING_PROFILE_SPECIFIER = "";
				SUPPORTED_PLATFORMS = "iphoneos iphonesimulator macosx";
				SUPPORTS_MACCATALYST = NO;
				SWIFT_EMIT_LOC_STRINGS = YES;
				SWIFT_OBJC_BRIDGING_HEADER = "Metal Blend Pipelines/Bridge.hpp";
				SWIFT_OBJC_INTEROP_MODE = objcxx;
				SWIFT_VERSION = 5.0;
				TARGETED_DEVICE_FAMILY = 1;
			};
			name = Debug;
		};
		8724F5E32BF4C04800890EAF /* Release */ = {
			isa = XCBuildConfiguration;
			buildSettings = {
				ASSETCATALOG_COMPILER_APPICON_NAME = AppIcon;
				ASSETCATALOG_COMPILER_GLOBAL_ACCENT_COLOR_NAME = AccentColor;
				CODE_SIGN_ENTITLEMENTS = "Metal Blend Pipelines/Metal Blend Pipelines.entitlements";
				CODE_SIGN_IDENTITY = "Apple Development";
				"CODE_SIGN_IDENTITY[sdk=macosx*]" = "-";
				CODE_SIGN_STYLE = Automatic;
				COMBINE_HIDPI_IMAGES = YES;
				CURRENT_PROJECT_VERSION = 1;
				DEVELOPMENT_ASSET_PATHS = "";
				DEVELOPMENT_TEAM = 3BF75NMSEQ;
				ENABLE_HARDENED_RUNTIME = YES;
				ENABLE_PREVIEWS = YES;
				GENERATE_INFOPLIST_FILE = YES;
				INFOPLIST_KEY_NSHumanReadableCopyright = "";
				IPHONEOS_DEPLOYMENT_TARGET = 17.0;
				LD_RUNPATH_SEARCH_PATHS = (
					"$(inherited)",
					"@executable_path/../Frameworks",
				);
				MARKETING_VERSION = 1.0;
				MTL_HEADER_SEARCH_PATHS = "$(HEADER_SEARCH_PATHS)";
				PRODUCT_BUNDLE_IDENTIFIER = "ceylo.metal-blend-pipelines";
				PRODUCT_NAME = "$(TARGET_NAME)";
				PROVISIONING_PROFILE_SPECIFIER = "";
				SUPPORTED_PLATFORMS = "iphoneos iphonesimulator macosx";
				SUPPORTS_MACCATALYST = NO;
				SWIFT_EMIT_LOC_STRINGS = YES;
				SWIFT_OBJC_BRIDGING_HEADER = "Metal Blend Pipelines/Bridge.hpp";
				SWIFT_OBJC_INTEROP_MODE = objcxx;
				SWIFT_VERSION = 5.0;
				TARGETED_DEVICE_FAMILY = 1;
			};
			name = Release;
		};
/* End XCBuildConfiguration section */

/* Begin XCConfigurationList section */
		8724F5CD2BF4C04700890EAF /* Build configuration list for PBXProject "Metal Blend Pipelines" */ = {
			isa = XCConfigurationList;
			buildConfigurations = (
				8724F5DF2BF4C04800890EAF /* Debug */,
				8724F5E02BF4C04800890EAF /* Release */,
			);
			defaultConfigurationIsVisible = 0;
			defaultConfigurationName = Release;
		};
		8724F5E12BF4C04800890EAF /* Build configuration list for PBXNativeTarget "Metal Blend Pipelines" */ = {
			isa = XCConfigurationList;
			buildConfigurations = (
				8724F5E22BF4C04800890EAF /* Debug */,
				8724F5E32BF4C04800890EAF /* Release */,
			);
			defaultConfigurationIsVisible = 0;
			defaultConfigurationName = Release;
		};
/* End XCConfigurationList section */

/* Begin XCRemoteSwiftPackageReference section */
		879B8AED2BFBA8E800D06497 /* XCRemoteSwiftPackageReference "swift-image" */ = {
			isa = XCRemoteSwiftPackageReference;
			repositoryURL = "https://github.com/koher/swift-image.git";
			requirement = {
				kind = upToNextMajorVersion;
				minimumVersion = 0.7.1;
			};
		};
		87FD6E432C107A910077E7E7 /* XCRemoteSwiftPackageReference "MetalPetal" */ = {
			isa = XCRemoteSwiftPackageReference;
			repositoryURL = "https://github.com/MetalPetal/MetalPetal.git";
			requirement = {
				kind = upToNextMajorVersion;
				minimumVersion = 1.25.2;
			};
		};
/* End XCRemoteSwiftPackageReference section */

/* Begin XCSwiftPackageProductDependency section */
		879B8AEE2BFBA8E800D06497 /* SwiftImage */ = {
			isa = XCSwiftPackageProductDependency;
			package = 879B8AED2BFBA8E800D06497 /* XCRemoteSwiftPackageReference "swift-image" */;
			productName = SwiftImage;
		};
		87FD6E442C107A910077E7E7 /* MetalPetal */ = {
			isa = XCSwiftPackageProductDependency;
			package = 87FD6E432C107A910077E7E7 /* XCRemoteSwiftPackageReference "MetalPetal" */;
			productName = MetalPetal;
		};
/* End XCSwiftPackageProductDependency section */
	};
	rootObject = 8724F5CA2BF4C04700890EAF /* Project object */;
}
