{
  "originHash" : "ad24a92f30b05e6fe19cb96d9cc21765fc2a1930ec1eb91a35931338ad25cab5",
  "pins" : [
    {
      "identity" : "metalpetal",
      "kind" : "remoteSourceControl",
      "location" : "https://github.com/MetalPetal/MetalPetal.git",
      "state" : {
        "revision" : "f9b78897bd4214bb097f352a1bde0a4f4a1e2ddb",
        "version" : "1.25.2"
      }
    },
    {
      "identity" : "swift-image",
      "kind" : "remoteSourceControl",
      "location" : "https://github.com/koher/swift-image.git",
      "state" : {
        "revision" : "c61b8cf4613a7fc80d1c2a84231cef2909e837a1",
        "version" : "0.7.1"
      }
    }
  ],
  "version" : 3
}
